// !$*UTF8*$!
{
	archiveVersion = 1;
	classes = {
	};
	objectVersion = 50;
	objects = {

/* Begin PBXBuildFile section */
		B326236B262E25FB003049EC /* AppDelegate.swift in Sources */ = {isa = PBXBuildFile; fileRef = B326236A262E25FB003049EC /* AppDelegate.swift */; };
		B326236D262E25FB003049EC /* SceneDelegate.swift in Sources */ = {isa = PBXBuildFile; fileRef = B326236C262E25FB003049EC /* SceneDelegate.swift */; };
		B326236F262E25FB003049EC /* ViewController.swift in Sources */ = {isa = PBXBuildFile; fileRef = B326236E262E25FB003049EC /* ViewController.swift */; };
		B3262372262E25FB003049EC /* Main.storyboard in Resources */ = {isa = PBXBuildFile; fileRef = B3262370262E25FB003049EC /* Main.storyboard */; };
		B3262374262E25FC003049EC /* Assets.xcassets in Resources */ = {isa = PBXBuildFile; fileRef = B3262373262E25FC003049EC /* Assets.xcassets */; };
		B3262377262E25FC003049EC /* LaunchScreen.storyboard in Resources */ = {isa = PBXBuildFile; fileRef = B3262375262E25FC003049EC /* LaunchScreen.storyboard */; };
		B3262380262E260F003049EC /* CustomDataTaskSubscriber.swift in Sources */ = {isa = PBXBuildFile; fileRef = B326237F262E260F003049EC /* CustomDataTaskSubscriber.swift */; };
		B3262383262E26AE003049EC /* CustomDataTaskPublisher.swift in Sources */ = {isa = PBXBuildFile; fileRef = B3262382262E26AE003049EC /* CustomDataTaskPublisher.swift */; };
/* End PBXBuildFile section */

/* Begin PBXFileReference section */
		B3262367262E25FB003049EC /* CustomDataTaskWithCombine.app */ = {isa = PBXFileReference; explicitFileType = wrapper.application; includeInIndex = 0; path = CustomDataTaskWithCombine.app; sourceTree = BUILT_PRODUCTS_DIR; };
		B326236A262E25FB003049EC /* AppDelegate.swift */ = {isa = PBXFileReference; lastKnownFileType = sourcecode.swift; path = AppDelegate.swift; sourceTree = "<group>"; };
		B326236C262E25FB003049EC /* SceneDelegate.swift */ = {isa = PBXFileReference; lastKnownFileType = sourcecode.swift; path = SceneDelegate.swift; sourceTree = "<group>"; };
		B326236E262E25FB003049EC /* ViewController.swift */ = {isa = PBXFileReference; lastKnownFileType = sourcecode.swift; path = ViewController.swift; sourceTree = "<group>"; };
		B3262371262E25FB003049EC /* Base */ = {isa = PBXFileReference; lastKnownFileType = file.storyboard; name = Base; path = Base.lproj/Main.storyboard; sourceTree = "<group>"; };
		B3262373262E25FC003049EC /* Assets.xcassets */ = {isa = PBXFileReference; lastKnownFileType = folder.assetcatalog; path = Assets.xcassets; sourceTree = "<group>"; };
		B3262376262E25FC003049EC /* Base */ = {isa = PBXFileReference; lastKnownFileType = file.storyboard; name = Base; path = Base.lproj/LaunchScreen.storyboard; sourceTree = "<group>"; };
		B3262378262E25FC003049EC /* Info.plist */ = {isa = PBXFileReference; lastKnownFileType = text.plist.xml; path = Info.plist; sourceTree = "<group>"; };
		B326237F262E260F003049EC /* CustomDataTaskSubscriber.swift */ = {isa = PBXFileReference; lastKnownFileType = sourcecode.swift; path = CustomDataTaskSubscriber.swift; sourceTree = "<group>"; };
		B3262382262E26AE003049EC /* CustomDataTaskPublisher.swift */ = {isa = PBXFileReference; lastKnownFileType = sourcecode.swift; path = CustomDataTaskPublisher.swift; sourceTree = "<group>"; };
/* End PBXFileReference section */

/* Begin PBXFrameworksBuildPhase section */
		B3262364262E25FB003049EC /* Frameworks */ = {
			isa = PBXFrameworksBuildPhase;
			buildActionMask = 2147483647;
			files = (
			);
			runOnlyForDeploymentPostprocessing = 0;
		};
/* End PBXFrameworksBuildPhase section */

/* Begin PBXGroup section */
		B326235E262E25FB003049EC = {
			isa = PBXGroup;
			children = (
				B3262369262E25FB003049EC /* CustomDataTaskWithCombine */,
				B3262368262E25FB003049EC /* Products */,
			);
			sourceTree = "<group>";
		};
		B3262368262E25FB003049EC /* Products */ = {
			isa = PBXGroup;
			children = (
				B3262367262E25FB003049EC /* CustomDataTaskWithCombine.app */,
			);
			name = Products;
			sourceTree = "<group>";
		};
		B3262369262E25FB003049EC /* CustomDataTaskWithCombine */ = {
			isa = PBXGroup;
			children = (
				B326236A262E25FB003049EC /* AppDelegate.swift */,
				B326236C262E25FB003049EC /* SceneDelegate.swift */,
				B326236E262E25FB003049EC /* ViewController.swift */,
				B3262370262E25FB003049EC /* Main.storyboard */,
				B3262373262E25FC003049EC /* Assets.xcassets */,
				B3262375262E25FC003049EC /* LaunchScreen.storyboard */,
				B3262378262E25FC003049EC /* Info.plist */,
				B326237F262E260F003049EC /* CustomDataTaskSubscriber.swift */,
				B3262382262E26AE003049EC /* CustomDataTaskPublisher.swift */,
			);
			path = CustomDataTaskWithCombine;
			sourceTree = "<group>";
		};
/* End PBXGroup section */

/* Begin PBXNativeTarget section */
		B3262366262E25FB003049EC /* CustomDataTaskWithCombine */ = {
			isa = PBXNativeTarget;
			buildConfigurationList = B326237B262E25FC003049EC /* Build configuration list for PBXNativeTarget "CustomDataTaskWithCombine" */;
			buildPhases = (
				B3262363262E25FB003049EC /* Sources */,
				B3262364262E25FB003049EC /* Frameworks */,
				B3262365262E25FB003049EC /* Resources */,
			);
			buildRules = (
			);
			dependencies = (
			);
			name = CustomDataTaskWithCombine;
			productName = CustomDataTaskWithCombine;
			productReference = B3262367262E25FB003049EC /* CustomDataTaskWithCombine.app */;
			productType = "com.apple.product-type.application";
		};
/* End PBXNativeTarget section */

/* Begin PBXProject section */
		B326235F262E25FB003049EC /* Project object */ = {
			isa = PBXProject;
			attributes = {
				LastSwiftUpdateCheck = 1240;
				LastUpgradeCheck = 1240;
				TargetAttributes = {
					B3262366262E25FB003049EC = {
						CreatedOnToolsVersion = 12.4;
					};
				};
			};
			buildConfigurationList = B3262362262E25FB003049EC /* Build configuration list for PBXProject "CustomDataTaskWithCombine" */;
			compatibilityVersion = "Xcode 9.3";
			developmentRegion = en;
			hasScannedForEncodings = 0;
			knownRegions = (
				en,
				Base,
			);
			mainGroup = B326235E262E25FB003049EC;
			productRefGroup = B3262368262E25FB003049EC /* Products */;
			projectDirPath = "";
			projectRoot = "";
			targets = (
				B3262366262E25FB003049EC /* CustomDataTaskWithCombine */,
			);
		};
/* End PBXProject section */

/* Begin PBXResourcesBuildPhase section */
		B3262365262E25FB003049EC /* Resources */ = {
			isa = PBXResourcesBuildPhase;
			buildActionMask = 2147483647;
			files = (
				B3262377262E25FC003049EC /* LaunchScreen.storyboard in Resources */,
				B3262374262E25FC003049EC /* Assets.xcassets in Resources */,
				B3262372262E25FB003049EC /* Main.storyboard in Resources */,
			);
			runOnlyForDeploymentPostprocessing = 0;
		};
/* End PBXResourcesBuildPhase section */

/* Begin PBXSourcesBuildPhase section */
		B3262363262E25FB003049EC /* Sources */ = {
			isa = PBXSourcesBuildPhase;
			buildActionMask = 2147483647;
			files = (
				B326236F262E25FB003049EC /* ViewController.swift in Sources */,
				B3262380262E260F003049EC /* CustomDataTaskSubscriber.swift in Sources */,
				B326236B262E25FB003049EC /* AppDelegate.swift in Sources */,
				B326236D262E25FB003049EC /* SceneDelegate.swift in Sources */,
				B3262383262E26AE003049EC /* CustomDataTaskPublisher.swift in Sources */,
			);
			runOnlyForDeploymentPostprocessing = 0;
		};
/* End PBXSourcesBuildPhase section */

/* Begin PBXVariantGroup section */
		B3262370262E25FB003049EC /* Main.storyboard */ = {
			isa = PBXVariantGroup;
			children = (
				B3262371262E25FB003049EC /* Base */,
			);
			name = Main.storyboard;
			sourceTree = "<group>";
		};
		B3262375262E25FC003049EC /* LaunchScreen.storyboard */ = {
			isa = PBXVariantGroup;
			children = (
				B3262376262E25FC003049EC /* Base */,
			);
			name = LaunchScreen.storyboard;
			sourceTree = "<group>";
		};
/* End PBXVariantGroup section */

/* Begin XCBuildConfiguration section */
		B3262379262E25FC003049EC /* Debug */ = {
			isa = XCBuildConfiguration;
			buildSettings = {
				ALWAYS_SEARCH_USER_PATHS = NO;
				CLANG_ANALYZER_NONNULL = YES;
				CLANG_ANALYZER_NUMBER_OBJECT_CONVERSION = YES_AGGRESSIVE;
				CLANG_CXX_LANGUAGE_STANDARD = "gnu++14";
				CLANG_CXX_LIBRARY = "libc++";
				CLANG_ENABLE_MODULES = YES;
				CLANG_ENABLE_OBJC_ARC = YES;
				CLANG_ENABLE_OBJC_WEAK = YES;
				CLANG_WARN_BLOCK_CAPTURE_AUTORELEASING = YES;
				CLANG_WARN_BOOL_CONVERSION = YES;
				CLANG_WARN_COMMA = YES;
				CLANG_WARN_CONSTANT_CONVERSION = YES;
				CLANG_WARN_DEPRECATED_OBJC_IMPLEMENTATIONS = YES;
				CLANG_WARN_DIRECT_OBJC_ISA_USAGE = YES_ERROR;
				CLANG_WARN_DOCUMENTATION_COMMENTS = YES;
				CLANG_WARN_EMPTY_BODY = YES;
				CLANG_WARN_ENUM_CONVERSION = YES;
				CLANG_WARN_INFINITE_RECURSION = YES;
				CLANG_WARN_INT_CONVERSION = YES;
				CLANG_WARN_NON_LITERAL_NULL_CONVERSION = YES;
				CLANG_WARN_OBJC_IMPLICIT_RETAIN_SELF = YES;
				CLANG_WARN_OBJC_LITERAL_CONVERSION = YES;
				CLANG_WARN_OBJC_ROOT_CLASS = YES_ERROR;
				CLANG_WARN_QUOTED_INCLUDE_IN_FRAMEWORK_HEADER = YES;
				CLANG_WARN_RANGE_LOOP_ANALYSIS = YES;
				CLANG_WARN_STRICT_PROTOTYPES = YES;
				CLANG_WARN_SUSPICIOUS_MOVE = YES;
				CLANG_WARN_UNGUARDED_AVAILABILITY = YES_AGGRESSIVE;
				CLANG_WARN_UNREACHABLE_CODE = YES;
				CLANG_WARN__DUPLICATE_METHOD_MATCH = YES;
				COPY_PHASE_STRIP = NO;
				DEBUG_INFORMATION_FORMAT = dwarf;
				ENABLE_STRICT_OBJC_MSGSEND = YES;
				ENABLE_TESTABILITY = YES;
				GCC_C_LANGUAGE_STANDARD = gnu11;
				GCC_DYNAMIC_NO_PIC = NO;
				GCC_NO_COMMON_BLOCKS = YES;
				GCC_OPTIMIZATION_LEVEL = 0;
				GCC_PREPROCESSOR_DEFINITIONS = (
					"DEBUG=1",
					"$(inherited)",
				);
				GCC_WARN_64_TO_32_BIT_CONVERSION = YES;
				GCC_WARN_ABOUT_RETURN_TYPE = YES_ERROR;
				GCC_WARN_UNDECLARED_SELECTOR = YES;
				GCC_WARN_UNINITIALIZED_AUTOS = YES_AGGRESSIVE;
				GCC_WARN_UNUSED_FUNCTION = YES;
				GCC_WARN_UNUSED_VARIABLE = YES;
				IPHONEOS_DEPLOYMENT_TARGET = 14.4;
				MTL_ENABLE_DEBUG_INFO = INCLUDE_SOURCE;
				MTL_FAST_MATH = YES;
				ONLY_ACTIVE_ARCH = YES;
				SDKROOT = iphoneos;
				SWIFT_ACTIVE_COMPILATION_CONDITIONS = DEBUG;
				SWIFT_OPTIMIZATION_LEVEL = "-Onone";
			};
			name = Debug;
		};
		B326237A262E25FC003049EC /* Release */ = {
			isa = XCBuildConfiguration;
			buildSettings = {
				ALWAYS_SEARCH_USER_PATHS = NO;
				CLANG_ANALYZER_NONNULL = YES;
				CLANG_ANALYZER_NUMBER_OBJECT_CONVERSION = YES_AGGRESSIVE;
				CLANG_CXX_LANGUAGE_STANDARD = "gnu++14";
				CLANG_CXX_LIBRARY = "libc++";
				CLANG_ENABLE_MODULES = YES;
				CLANG_ENABLE_OBJC_ARC = YES;
				CLANG_ENABLE_OBJC_WEAK = YES;
				CLANG_WARN_BLOCK_CAPTURE_AUTORELEASING = YES;
				CLANG_WARN_BOOL_CONVERSION = YES;
				CLANG_WARN_COMMA = YES;
				CLANG_WARN_CONSTANT_CONVERSION = YES;
				CLANG_WARN_DEPRECATED_OBJC_IMPLEMENTATIONS = YES;
				CLANG_WARN_DIRECT_OBJC_ISA_USAGE = YES_ERROR;
				CLANG_WARN_DOCUMENTATION_COMMENTS = YES;
				CLANG_WARN_EMPTY_BODY = YES;
				CLANG_WARN_ENUM_CONVERSION = YES;
				CLANG_WARN_INFINITE_RECURSION = YES;
				CLANG_WARN_INT_CONVERSION = YES;
				CLANG_WARN_NON_LITERAL_NULL_CONVERSION = YES;
				CLANG_WARN_OBJC_IMPLICIT_RETAIN_SELF = YES;
				CLANG_WARN_OBJC_LITERAL_CONVERSION = YES;
				CLANG_WARN_OBJC_ROOT_CLASS = YES_ERROR;
				CLANG_WARN_QUOTED_INCLUDE_IN_FRAMEWORK_HEADER = YES;
				CLANG_WARN_RANGE_LOOP_ANALYSIS = YES;
				CLANG_WARN_STRICT_PROTOTYPES = YES;
				CLANG_WARN_SUSPICIOUS_MOVE = YES;
				CLANG_WARN_UNGUARDED_AVAILABILITY = YES_AGGRESSIVE;
				CLANG_WARN_UNREACHABLE_CODE = YES;
				CLANG_WARN__DUPLICATE_METHOD_MATCH = YES;
				COPY_PHASE_STRIP = NO;
				DEBUG_INFORMATION_FORMAT = "dwarf-with-dsym";
				ENABLE_NS_ASSERTIONS = NO;
				ENABLE_STRICT_OBJC_MSGSEND = YES;
				GCC_C_LANGUAGE_STANDARD = gnu11;
				GCC_NO_COMMON_BLOCKS = YES;
				GCC_WARN_64_TO_32_BIT_CONVERSION = YES;
				GCC_WARN_ABOUT_RETURN_TYPE = YES_ERROR;
				GCC_WARN_UNDECLARED_SELECTOR = YES;
				GCC_WARN_UNINITIALIZED_AUTOS = YES_AGGRESSIVE;
				GCC_WARN_UNUSED_FUNCTION = YES;
				GCC_WARN_UNUSED_VARIABLE = YES;
				IPHONEOS_DEPLOYMENT_TARGET = 14.4;
				MTL_ENABLE_DEBUG_INFO = NO;
				MTL_FAST_MATH = YES;
				SDKROOT = iphoneos;
				SWIFT_COMPILATION_MODE = wholemodule;
				SWIFT_OPTIMIZATION_LEVEL = "-O";
				VALIDATE_PRODUCT = YES;
			};
			name = Release;
		};
		B326237C262E25FC003049EC /* Debug */ = {
			isa = XCBuildConfiguration;
			buildSettings = {
				ASSETCATALOG_COMPILER_APPICON_NAME = AppIcon;
				ASSETCATALOG_COMPILER_GLOBAL_ACCENT_COLOR_NAME = AccentColor;
				CODE_SIGN_STYLE = Automatic;
				DEVELOPMENT_TEAM = TR95D7JL29;
				INFOPLIST_FILE = CustomDataTaskWithCombine/Info.plist;
				LD_RUNPATH_SEARCH_PATHS = (
					"$(inherited)",
					"@executable_path/Frameworks",
				);
				PRODUCT_BUNDLE_IDENTIFIER = ChosenApps.CustomDataTaskWithCombine;
				PRODUCT_NAME = "$(TARGET_NAME)";
				SWIFT_VERSION = 5.0;
				TARGETED_DEVICE_FAMILY = "1,2";
			};
			name = Debug;
		};
		B326237D262E25FC003049EC /* Release */ = {
			isa = XCBuildConfiguration;
			buildSettings = {
				ASSETCATALOG_COMPILER_APPICON_NAME = AppIcon;
				ASSETCATALOG_COMPILER_GLOBAL_ACCENT_COLOR_NAME = AccentColor;
				CODE_SIGN_STYLE = Automatic;
				DEVELOPMENT_TEAM = TR95D7JL29;
				INFOPLIST_FILE = CustomDataTaskWithCombine/Info.plist;
				LD_RUNPATH_SEARCH_PATHS = (
					"$(inherited)",
					"@executable_path/Frameworks",
				);
				PRODUCT_BUNDLE_IDENTIFIER = ChosenApps.CustomDataTaskWithCombine;
				PRODUCT_NAME = "$(TARGET_NAME)";
				SWIFT_VERSION = 5.0;
				TARGETED_DEVICE_FAMILY = "1,2";
			};
			name = Release;
		};
/* End XCBuildConfiguration section */

/* Begin XCConfigurationList section */
		B3262362262E25FB003049EC /* Build configuration list for PBXProject "CustomDataTaskWithCombine" */ = {
			isa = XCConfigurationList;
			buildConfigurations = (
				B3262379262E25FC003049EC /* Debug */,
				B326237A262E25FC003049EC /* Release */,
			);
			defaultConfigurationIsVisible = 0;
			defaultConfigurationName = Release;
		};
		B326237B262E25FC003049EC /* Build configuration list for PBXNativeTarget "CustomDataTaskWithCombine" */ = {
			isa = XCConfigurationList;
			buildConfigurations = (
				B326237C262E25FC003049EC /* Debug */,
				B326237D262E25FC003049EC /* Release */,
			);
			defaultConfigurationIsVisible = 0;
			defaultConfigurationName = Release;
		};
/* End XCConfigurationList section */
	};
	rootObject = B326235F262E25FB003049EC /* Project object */;
}
